// !$*UTF8*$!
{
	archiveVersion = 1;
	classes = {
	};
	objectVersion = 56;
	objects = {

/* Begin PBXBuildFile section */
		1A2B3C4D5E6F7G8H9I0J /* AppDelegate.swift in Sources */ = {isa = PBXBuildFile; fileRef = 1A2B3C4D5E6F7G8H9I0K /* AppDelegate.swift */; };
		1A2B3C4D5E6F7G8H9I0L /* SceneDelegate.swift in Sources */ = {isa = PBXBuildFile; fileRef = 1A2B3C4D5E6F7G8H9I0M /* SceneDelegate.swift */; };
		1A2B3C4D5E6F7G8H9I0N /* MainTabBarController.swift in Sources */ = {isa = PBXBuildFile; fileRef = 1A2B3C4D5E6F7G8H9I0O /* MainTabBarController.swift */; };
		1A2B3C4D5E6F7G8H9I0P /* AudioCommunicationViewController.swift in Sources */ = {isa = PBXBuildFile; fileRef = 1A2B3C4D5E6F7G8H9I0Q /* AudioCommunicationViewController.swift */; };
		1A2B3C4D5E6F7G8H9I0R /* LocationTrackingViewController.swift in Sources */ = {isa = PBXBuildFile; fileRef = 1A2B3C4D5E6F7G8H9I0S /* LocationTrackingViewController.swift */; };
		1A2B3C4D5E6F7G8H9I0T /* GroupManagementViewController.swift in Sources */ = {isa = PBXBuildFile; fileRef = 1A2B3C4D5E6F7G8H9I0U /* GroupManagementViewController.swift */; };
		1A2B3C4D5E6F7G8H9I0V /* SettingsViewController.swift in Sources */ = {isa = PBXBuildFile; fileRef = 1A2B3C4D5E6F7G8H9I0W /* SettingsViewController.swift */; };
		1A2B3C4D5E6F7G8H9I0X /* AudioService.swift in Sources */ = {isa = PBXBuildFile; fileRef = 1A2B3C4D5E6F7G8H9I0Y /* AudioService.swift */; };
		1A2B3C4D5E6F7G8H9I0Z /* LocationService.swift in Sources */ = {isa = PBXBuildFile; fileRef = 1A2B3C4D5E6F7G8H9I1A /* LocationService.swift */; };
		1A2B3C4D5E6F7G8H9I1B /* GroupService.swift in Sources */ = {isa = PBXBuildFile; fileRef = 1A2B3C4D5E6F7G8H9I1C /* GroupService.swift */; };
		1A2B3C4D5E6F7G8H9I1D /* SecurityManager.swift in Sources */ = {isa = PBXBuildFile; fileRef = 1A2B3C4D5E6F7G8H9I1E /* SecurityManager.swift */; };
		1A2B3C4D5E6F7G8H9I1F /* PrivacyManager.swift in Sources */ = {isa = PBXBuildFile; fileRef = 1A2B3C4D5E6F7G8H9I1G /* PrivacyManager.swift */; };
		1A2B3C4D5E6F7G8H9I1H /* NetworkSecurityManager.swift in Sources */ = {isa = PBXBuildFile; fileRef = 1A2B3C4D5E6F7G8H9I1I /* NetworkSecurityManager.swift */; };
		1A2B3C4D5E6F7G8H9I1J /* AuthenticationManager.swift in Sources */ = {isa = PBXBuildFile; fileRef = 1A2B3C4D5E6F7G8H9I1K /* AuthenticationManager.swift */; };
		1A2B3C4D5E6F7G8H9I1L /* AppConfiguration.swift in Sources */ = {isa = PBXBuildFile; fileRef = 1A2B3C4D5E6F7G8H9I1M /* AppConfiguration.swift */; };
		1A2B3C4D5E6F7G8H9I1N /* Assets.xcassets in Resources */ = {isa = PBXBuildFile; fileRef = 1A2B3C4D5E6F7G8H9I1O /* Assets.xcassets */; };
		1A2B3C4D5E6F7G8H9I1P /* LaunchScreen.storyboard in Resources */ = {isa = PBXBuildFile; fileRef = 1A2B3C4D5E6F7G8H9I1Q /* LaunchScreen.storyboard */; };
		1A2B3C4D5E6F7G8H9I1R /* AudioServiceTests.swift in Sources */ = {isa = PBXBuildFile; fileRef = 1A2B3C4D5E6F7G8H9I1S /* AudioServiceTests.swift */; };
		1A2B3C4D5E6F7G8H9I1T /* LocationServiceTests.swift in Sources */ = {isa = PBXBuildFile; fileRef = 1A2B3C4D5E6F7G8H9I1U /* LocationServiceTests.swift */; };
		1A2B3C4D5E6F7G8H9I1V /* SecurityManagerTests.swift in Sources */ = {isa = PBXBuildFile; fileRef = 1A2B3C4D5E6F7G8H9I1W /* SecurityManagerTests.swift */; };
		1A2B3C4D5E6F7G8H9I1X /* AuthenticationManagerTests.swift in Sources */ = {isa = PBXBuildFile; fileRef = 1A2B3C4D5E6F7G8H9I1Y /* AuthenticationManagerTests.swift */; };
/* End PBXBuildFile section */

/* Begin PBXContainerItemProxy section */
		1A2B3C4D5E6F7G8H9I1Z /* PBXContainerItemProxy */ = {
			isa = PBXContainerItemProxy;
			containerPortal = 1A2B3C4D5E6F7G8H9I2A /* Project object */;
			proxyType = 1;
			remoteGlobalIDString = 1A2B3C4D5E6F7G8H9I2B;
			remoteInfo = RealTimeAudioLocationApp;
		};
/* End PBXContainerItemProxy section */

/* Begin PBXFileReference section */
		1A2B3C4D5E6F7G8H9I0K /* AppDelegate.swift */ = {isa = PBXFileReference; lastKnownFileType = sourcecode.swift; path = AppDelegate.swift; sourceTree = "<group>"; };
		1A2B3C4D5E6F7G8H9I0M /* SceneDelegate.swift */ = {isa = PBXFileReference; lastKnownFileType = sourcecode.swift; path = SceneDelegate.swift; sourceTree = "<group>"; };
		1A2B3C4D5E6F7G8H9I0O /* MainTabBarController.swift */ = {isa = PBXFileReference; lastKnownFileType = sourcecode.swift; path = MainTabBarController.swift; sourceTree = "<group>"; };
		1A2B3C4D5E6F7G8H9I0Q /* AudioCommunicationViewController.swift */ = {isa = PBXFileReference; lastKnownFileType = sourcecode.swift; path = AudioCommunicationViewController.swift; sourceTree = "<group>"; };
		1A2B3C4D5E6F7G8H9I0S /* LocationTrackingViewController.swift */ = {isa = PBXFileReference; lastKnownFileType = sourcecode.swift; path = LocationTrackingViewController.swift; sourceTree = "<group>"; };
		1A2B3C4D5E6F7G8H9I0U /* GroupManagementViewController.swift */ = {isa = PBXFileReference; lastKnownFileType = sourcecode.swift; path = GroupManagementViewController.swift; sourceTree = "<group>"; };
		1A2B3C4D5E6F7G8H9I0W /* SettingsViewController.swift */ = {isa = PBXFileReference; lastKnownFileType = sourcecode.swift; path = SettingsViewController.swift; sourceTree = "<group>"; };
		1A2B3C4D5E6F7G8H9I0Y /* AudioService.swift */ = {isa = PBXFileReference; lastKnownFileType = sourcecode.swift; path = AudioService.swift; sourceTree = "<group>"; };
		1A2B3C4D5E6F7G8H9I1A /* LocationService.swift */ = {isa = PBXFileReference; lastKnownFileType = sourcecode.swift; path = LocationService.swift; sourceTree = "<group>"; };
		1A2B3C4D5E6F7G8H9I1C /* GroupService.swift */ = {isa = PBXFileReference; lastKnownFileType = sourcecode.swift; path = GroupService.swift; sourceTree = "<group>"; };
		1A2B3C4D5E6F7G8H9I1E /* SecurityManager.swift */ = {isa = PBXFileReference; lastKnownFileType = sourcecode.swift; path = SecurityManager.swift; sourceTree = "<group>"; };
		1A2B3C4D5E6F7G8H9I1G /* PrivacyManager.swift */ = {isa = PBXFileReference; lastKnownFileType = sourcecode.swift; path = PrivacyManager.swift; sourceTree = "<group>"; };
		1A2B3C4D5E6F7G8H9I1I /* NetworkSecurityManager.swift */ = {isa = PBXFileReference; lastKnownFileType = sourcecode.swift; path = NetworkSecurityManager.swift; sourceTree = "<group>"; };
		1A2B3C4D5E6F7G8H9I1K /* AuthenticationManager.swift */ = {isa = PBXFileReference; lastKnownFileType = sourcecode.swift; path = AuthenticationManager.swift; sourceTree = "<group>"; };
		1A2B3C4D5E6F7G8H9I1M /* AppConfiguration.swift */ = {isa = PBXFileReference; lastKnownFileType = sourcecode.swift; path = AppConfiguration.swift; sourceTree = "<group>"; };
		1A2B3C4D5E6F7G8H9I1O /* Assets.xcassets */ = {isa = PBXFileReference; lastKnownFileType = folder.assetcatalog; path = Assets.xcassets; sourceTree = "<group>"; };
		1A2B3C4D5E6F7G8H9I1Q /* LaunchScreen.storyboard */ = {isa = PBXFileReference; lastKnownFileType = file.storyboard; path = LaunchScreen.storyboard; sourceTree = "<group>"; };
		1A2B3C4D5E6F7G8H9I1S /* AudioServiceTests.swift */ = {isa = PBXFileReference; lastKnownFileType = sourcecode.swift; path = AudioServiceTests.swift; sourceTree = "<group>"; };
		1A2B3C4D5E6F7G8H9I1U /* LocationServiceTests.swift */ = {isa = PBXFileReference; lastKnownFileType = sourcecode.swift; path = LocationServiceTests.swift; sourceTree = "<group>"; };
		1A2B3C4D5E6F7G8H9I1W /* SecurityManagerTests.swift */ = {isa = PBXFileReference; lastKnownFileType = sourcecode.swift; path = SecurityManagerTests.swift; sourceTree = "<group>"; };
		1A2B3C4D5E6F7G8H9I1Y /* AuthenticationManagerTests.swift */ = {isa = PBXFileReference; lastKnownFileType = sourcecode.swift; path = AuthenticationManagerTests.swift; sourceTree = "<group>"; };
		1A2B3C4D5E6F7G8H9I2C /* RealTimeAudioLocationApp.app */ = {isa = PBXFileReference; explicitFileType = wrapper.application; includeInIndex = 0; path = RealTimeAudioLocationApp.app; sourceTree = BUILT_PRODUCTS_DIR; };
		1A2B3C4D5E6F7G8H9I2D /* RealTimeAudioLocationAppTests.xctest */ = {isa = PBXFileReference; explicitFileType = wrapper.cfbundle; includeInIndex = 0; path = RealTimeAudioLocationAppTests.xctest; sourceTree = BUILT_PRODUCTS_DIR; };
		1A2B3C4D5E6F7G8H9I2E /* Info.plist */ = {isa = PBXFileReference; lastKnownFileType = text.plist.xml; path = Info.plist; sourceTree = "<group>"; };
		1A2B3C4D5E6F7G8H9I2F /* RealTimeAudioLocationApp.entitlements */ = {isa = PBXFileReference; lastKnownFileType = text.plist.entitlements; path = RealTimeAudioLocationApp.entitlements; sourceTree = "<group>"; };
/* End PBXFileReference section */

/* Begin PBXFrameworksBuildPhase section */
		1A2B3C4D5E6F7G8H9I2G /* Frameworks */ = {
			isa = PBXFrameworksBuildPhase;
			buildActionMask = 2147483647;
			files = (
			);
			runOnlyForDeploymentPostprocessing = 0;
		};
		1A2B3C4D5E6F7G8H9I2H /* Frameworks */ = {
			isa = PBXFrameworksBuildPhase;
			buildActionMask = 2147483647;
			files = (
			);
			runOnlyForDeploymentPostprocessing = 0;
		};
/* End PBXFrameworksBuildPhase section */

/* Begin PBXGroup section */
		1A2B3C4D5E6F7G8H9I2I /* RealTimeAudioLocationApp */ = {
			isa = PBXGroup;
			children = (
				1A2B3C4D5E6F7G8H9I2J /* Sources */,
				1A2B3C4D5E6F7G8H9I2K /* Resources */,
				1A2B3C4D5E6F7G8H9I2L /* Tests */,
				1A2B3C4D5E6F7G8H9I2M /* Products */,
			);
			path = RealTimeAudioLocationApp;
			sourceTree = "<group>";
		};
		1A2B3C4D5E6F7G8H9I2J /* Sources */ = {
			isa = PBXGroup;
			children = (
				1A2B3C4D5E6F7G8H9I0K /* AppDelegate.swift */,
				1A2B3C4D5E6F7G8H9I0M /* SceneDelegate.swift */,
				1A2B3C4D5E6F7G8H9I2N /* Controllers */,
				1A2B3C4D5E6F7G8H9I2O /* Models */,
				1A2B3C4D5E6F7G8H9I2P /* Views */,
				1A2B3C4D5E6F7G8H9I2Q /* Services */,
				1A2B3C4D5E6F7G8H9I2R /* Utils */,
			);
			path = Sources;
			sourceTree = "<group>";
		};
		1A2B3C4D5E6F7G8H9I2K /* Resources */ = {
			isa = PBXGroup;
			children = (
				1A2B3C4D5E6F7G8H9I2E /* Info.plist */,
				1A2B3C4D5E6F7G8H9I2F /* RealTimeAudioLocationApp.entitlements */,
				1A2B3C4D5E6F7G8H9I1O /* Assets.xcassets */,
				1A2B3C4D5E6F7G8H9I1Q /* LaunchScreen.storyboard */,
				1A2B3C4D5E6F7G8H9I2S /* Fonts */,
				1A2B3C4D5E6F7G8H9I2T /* Localization */,
			);
			path = Resources;
			sourceTree = "<group>";
		};
		1A2B3C4D5E6F7G8H9I2L /* Tests */ = {
			isa = PBXGroup;
			children = (
				1A2B3C4D5E6F7G8H9I1S /* AudioServiceTests.swift */,
				1A2B3C4D5E6F7G8H9I1U /* LocationServiceTests.swift */,
				1A2B3C4D5E6F7G8H9I1W /* SecurityManagerTests.swift */,
				1A2B3C4D5E6F7G8H9I1Y /* AuthenticationManagerTests.swift */,
			);
			path = Tests;
			sourceTree = "<group>";
		};
		1A2B3C4D5E6F7G8H9I2M /* Products */ = {
			isa = PBXGroup;
			children = (
				1A2B3C4D5E6F7G8H9I2C /* RealTimeAudioLocationApp.app */,
				1A2B3C4D5E6F7G8H9I2D /* RealTimeAudioLocationAppTests.xctest */,
			);
			name = Products;
			sourceTree = "<group>";
		};
		1A2B3C4D5E6F7G8H9I2N /* Controllers */ = {
			isa = PBXGroup;
			children = (
				1A2B3C4D5E6F7G8H9I0O /* MainTabBarController.swift */,
				1A2B3C4D5E6F7G8H9I0Q /* AudioCommunicationViewController.swift */,
				1A2B3C4D5E6F7G8H9I0S /* LocationTrackingViewController.swift */,
				1A2B3C4D5E6F7G8H9I0U /* GroupManagementViewController.swift */,
				1A2B3C4D5E6F7G8H9I0W /* SettingsViewController.swift */,
			);
			path = Controllers;
			sourceTree = "<group>";
		};
		1A2B3C4D5E6F7G8H9I2O /* Models */ = {
			isa = PBXGroup;
			children = (
			);
			path = Models;
			sourceTree = "<group>";
		};
		1A2B3C4D5E6F7G8H9I2P /* Views */ = {
			isa = PBXGroup;
			children = (
			);
			path = Views;
			sourceTree = "<group>";
		};
		1A2B3C4D5E6F7G8H9I2Q /* Services */ = {
			isa = PBXGroup;
			children = (
				1A2B3C4D5E6F7G8H9I0Y /* AudioService.swift */,
				1A2B3C4D5E6F7G8H9I1A /* LocationService.swift */,
				1A2B3C4D5E6F7G8H9I1C /* GroupService.swift */,
				1A2B3C4D5E6F7G8H9I1E /* SecurityManager.swift */,
				1A2B3C4D5E6F7G8H9I1G /* PrivacyManager.swift */,
				1A2B3C4D5E6F7G8H9I1I /* NetworkSecurityManager.swift */,
				1A2B3C4D5E6F7G8H9I1K /* AuthenticationManager.swift */,
			);
			path = Services;
			sourceTree = "<group>";
		};
		1A2B3C4D5E6F7G8H9I2R /* Utils */ = {
			isa = PBXGroup;
			children = (
				1A2B3C4D5E6F7G8H9I1M /* AppConfiguration.swift */,
			);
			path = Utils;
			sourceTree = "<group>";
		};
		1A2B3C4D5E6F7G8H9I2S /* Fonts */ = {
			isa = PBXGroup;
			children = (
			);
			path = Fonts;
			sourceTree = "<group>";
		};
		1A2B3C4D5E6F7G8H9I2T /* Localization */ = {
			isa = PBXGroup;
			children = (
			);
			path = Localization;
			sourceTree = "<group>";
		};
/* End PBXGroup section */

/* Begin PBXNativeTarget section */
		1A2B3C4D5E6F7G8H9I2B /* RealTimeAudioLocationApp */ = {
			isa = PBXNativeTarget;
			buildConfigurationList = 1A2B3C4D5E6F7G8H9I2U /* Build configuration list for PBXNativeTarget "RealTimeAudioLocationApp" */;
			buildPhases = (
				1A2B3C4D5E6F7G8H9I2V /* Sources */,
				1A2B3C4D5E6F7G8H9I2G /* Frameworks */,
				1A2B3C4D5E6F7G8H9I2W /* Resources */,
			);
			buildRules = (
			);
			dependencies = (
			);
			name = RealTimeAudioLocationApp;
			productName = RealTimeAudioLocationApp;
			productReference = 1A2B3C4D5E6F7G8H9I2C /* RealTimeAudioLocationApp.app */;
			productType = "com.apple.product-type.application";
		};
		1A2B3C4D5E6F7G8H9I2X /* RealTimeAudioLocationAppTests */ = {
			isa = PBXNativeTarget;
			buildConfigurationList = 1A2B3C4D5E6F7G8H9I2Y /* Build configuration list for PBXNativeTarget "RealTimeAudioLocationAppTests" */;
			buildPhases = (
				1A2B3C4D5E6F7G8H9I2Z /* Sources */,
				1A2B3C4D5E6F7G8H9I2H /* Frameworks */,
				1A2B3C4D5E6F7G8H9I3A /* Resources */,
			);
			buildRules = (
			);
			dependencies = (
				1A2B3C4D5E6F7G8H9I3B /* PBXTargetDependency */,
			);
			name = RealTimeAudioLocationAppTests;
			productName = RealTimeAudioLocationAppTests;
			productReference = 1A2B3C4D5E6F7G8H9I2D /* RealTimeAudioLocationAppTests.xctest */;
			productType = "com.apple.product-type.bundle.unit-test";
		};
/* End PBXNativeTarget section */

/* Begin PBXProject section */
		1A2B3C4D5E6F7G8H9I2A /* Project object */ = {
			isa = PBXProject;
			attributes = {
				BuildIndependentTargetsInParallel = 1;
				LastSwiftUpdateCheck = 1500;
				LastUpgradeCheck = 1500;
				TargetAttributes = {
					1A2B3C4D5E6F7G8H9I2B = {
						CreatedOnToolsVersion = 15.0;
					};
					1A2B3C4D5E6F7G8H9I2X = {
						CreatedOnToolsVersion = 15.0;
						TestTargetID = 1A2B3C4D5E6F7G8H9I2B;
					};
				};
			};
			buildConfigurationList = 1A2B3C4D5E6F7G8H9I3C /* Build configuration list for PBXProject "RealTimeAudioLocationApp" */;
			compatibilityVersion = "Xcode 14.0";
			developmentRegion = en;
			hasScannedForEncodings = 0;
			knownRegions = (
				en,
				Base,
			);
			mainGroup = 1A2B3C4D5E6F7G8H9I2I;
			productRefGroup = 1A2B3C4D5E6F7G8H9I2M /* Products */;
			projectDirPath = "";
			projectRoot = "";
			targets = (
				1A2B3C4D5E6F7G8H9I2B /* RealTimeAudioLocationApp */,
				1A2B3C4D5E6F7G8H9I2X /* RealTimeAudioLocationAppTests */,
			);
		};
/* End PBXProject section */

/* Begin PBXResourcesBuildPhase section */
		1A2B3C4D5E6F7G8H9I2W /* Resources */ = {
			isa = PBXResourcesBuildPhase;
			buildActionMask = 2147483647;
			files = (
				1A2B3C4D5E6F7G8H9I1P /* LaunchScreen.storyboard in Resources */,
				1A2B3C4D5E6F7G8H9I1N /* Assets.xcassets in Resources */,
			);
			runOnlyForDeploymentPostprocessing = 0;
		};
		1A2B3C4D5E6F7G8H9I3A /* Resources */ = {
			isa = PBXResourcesBuildPhase;
			buildActionMask = 2147483647;
			files = (
			);
			runOnlyForDeploymentPostprocessing = 0;
		};
/* End PBXResourcesBuildPhase section */

/* Begin PBXSourcesBuildPhase section */
		1A2B3C4D5E6F7G8H9I2V /* Sources */ = {
			isa = PBXSourcesBuildPhase;
			buildActionMask = 2147483647;
			files = (
				1A2B3C4D5E6F7G8H9I0D /* AppDelegate.swift in Sources */,
				1A2B3C4D5E6F7G8H9I0L /* SceneDelegate.swift in Sources */,
				1A2B3C4D5E6F7G8H9I0N /* MainTabBarController.swift in Sources */,
				1A2B3C4D5E6F7G8H9I0P /* AudioCommunicationViewController.swift in Sources */,
				1A2B3C4D5E6F7G8H9I0R /* LocationTrackingViewController.swift in Sources */,
				1A2B3C4D5E6F7G8H9I0T /* GroupManagementViewController.swift in Sources */,
				1A2B3C4D5E6F7G8H9I0V /* SettingsViewController.swift in Sources */,
				1A2B3C4D5E6F7G8H9I0X /* AudioService.swift in Sources */,
				1A2B3C4D5E6F7G8H9I0Z /* LocationService.swift in Sources */,
				1A2B3C4D5E6F7G8H9I1B /* GroupService.swift in Sources */,
				1A2B3C4D5E6F7G8H9I1D /* SecurityManager.swift in Sources */,
				1A2B3C4D5E6F7G8H9I1F /* PrivacyManager.swift in Sources */,
				1A2B3C4D5E6F7G8H9I1H /* NetworkSecurityManager.swift in Sources */,
				1A2B3C4D5E6F7G8H9I1J /* AuthenticationManager.swift in Sources */,
				1A2B3C4D5E6F7G8H9I1L /* AppConfiguration.swift in Sources */,
			);
			runOnlyForDeploymentPostprocessing = 0;
		};
		1A2B3C4D5E6F7G8H9I2Z /* Sources */ = {
			isa = PBXSourcesBuildPhase;
			buildActionMask = 2147483647;
			files = (
				1A2B3C4D5E6F7G8H9I1R /* AudioServiceTests.swift in Sources */,
				1A2B3C4D5E6F7G8H9I1T /* LocationServiceTests.swift in Sources */,
				1A2B3C4D5E6F7G8H9I1V /* SecurityManagerTests.swift in Sources */,
				1A2B3C4D5E6F7G8H9I1X /* AuthenticationManagerTests.swift in Sources */,
			);
			runOnlyForDeploymentPostprocessing = 0;
		};
/* End PBXSourcesBuildPhase section */

/* Begin PBXTargetDependency section */
		1A2B3C4D5E6F7G8H9I3B /* PBXTargetDependency */ = {
			isa = PBXTargetDependency;
			target = 1A2B3C4D5E6F7G8H9I2B /* RealTimeAudioLocationApp */;
			targetProxy = 1A2B3C4D5E6F7G8H9I1Z /* PBXContainerItemProxy */;
		};
/* End PBXTargetDependency section */

/* Begin XCBuildConfiguration section */
		1A2B3C4D5E6F7G8H9I3D /* Debug */ = {
			isa = XCBuildConfiguration;
			buildSettings = {
				ALWAYS_SEARCH_USER_PATHS = NO;
				CLANG_ANALYZER_NONNULL = YES;
				CLANG_ANALYZER_NUMBER_OBJECT_CONVERSION = YES_AGGRESSIVE;
				CLANG_CXX_LANGUAGE_STANDARD = "gnu++20";
				CLANG_ENABLE_MODULES = YES;
				CLANG_ENABLE_OBJC_ARC = YES;
				CLANG_ENABLE_OBJC_WEAK = YES;
				CLANG_WARN_BLOCK_CAPTURE_AUTORELEASING = YES;
				CLANG_WARN_BOOL_CONVERSION = YES;
				CLANG_WARN_COMMA = YES;
				CLANG_WARN_CONSTANT_CONVERSION = YES;
				CLANG_WARN_DEPRECATED_OBJC_IMPLEMENTATIONS = YES;
				CLANG_WARN_DIRECT_OBJC_ISA_USAGE = YES_ERROR;
				CLANG_WARN_DOCUMENTATION_COMMENTS = YES;
				CLANG_WARN_EMPTY_BODY = YES;
				CLANG_WARN_ENUM_CONVERSION = YES;
				CLANG_WARN_INFINITE_RECURSION = YES;
				CLANG_WARN_INT_CONVERSION = YES;
				CLANG_WARN_NON_LITERAL_NULL_CONVERSION = YES;
				CLANG_WARN_OBJC_IMPLICIT_RETAIN_SELF = YES;
				CLANG_WARN_OBJC_LITERAL_CONVERSION = YES;
				CLANG_WARN_OBJC_ROOT_CLASS = YES_ERROR;
				CLANG_WARN_QUOTED_INCLUDE_IN_FRAMEWORK_HEADER = YES;
				CLANG_WARN_RANGE_LOOP_ANALYSIS = YES;
				CLANG_WARN_STRICT_PROTOTYPES = YES;
				CLANG_WARN_SUSPICIOUS_MOVE = YES;
				CLANG_WARN_UNGUARDED_AVAILABILITY = YES_AGGRESSIVE;
				CLANG_WARN_UNREACHABLE_CODE = YES;
				CLANG_WARN__DUPLICATE_METHOD_MATCH = YES;
				COPY_PHASE_STRIP = NO;
				DEBUG_INFORMATION_FORMAT = dwarf;
				ENABLE_STRICT_OBJC_MSGSEND = YES;
				ENABLE_TESTABILITY = YES;
				GCC_C_LANGUAGE_STANDARD = gnu11;
				GCC_DYNAMIC_NO_PIC = NO;
				GCC_NO_COMMON_BLOCKS = YES;
				GCC_OPTIMIZATION_LEVEL = 0;
				GCC_PREPROCESSOR_DEFINITIONS = (
					"DEBUG=1",
					"$(inherited)",
				);
				GCC_WARN_64_TO_32_BIT_CONVERSION = YES;
				GCC_WARN_ABOUT_RETURN_TYPE = YES_ERROR;
				GCC_WARN_UNDECLARED_SELECTOR = YES;
				GCC_WARN_UNINITIALIZED_AUTOS = YES_AGGRESSIVE;
				GCC_WARN_UNUSED_FUNCTION = YES;
				GCC_WARN_UNUSED_VARIABLE = YES;
				IPHONEOS_DEPLOYMENT_TARGET = 15.0;
				MTL_ENABLE_DEBUG_INFO = INCLUDE_SOURCE;
				MTL_FAST_MATH = YES;
				ONLY_ACTIVE_ARCH = YES;
				SDKROOT = iphoneos;
				SWIFT_ACTIVE_COMPILATION_CONDITIONS = DEBUG;
				SWIFT_OPTIMIZATION_LEVEL = "-Onone";
			};
			name = Debug;
		};
		1A2B3C4D5E6F7G8H9I3E /* Release */ = {
			isa = XCBuildConfiguration;
			buildSettings = {
				ALWAYS_SEARCH_USER_PATHS = NO;
				CLANG_ANALYZER_NONNULL = YES;
				CLANG_ANALYZER_NUMBER_OBJECT_CONVERSION = YES_AGGRESSIVE;
				CLANG_CXX_LANGUAGE_STANDARD = "gnu++20";
				CLANG_ENABLE_MODULES = YES;
				CLANG_ENABLE_OBJC_ARC = YES;
				CLANG_ENABLE_OBJC_WEAK = YES;
				CLANG_WARN_BLOCK_CAPTURE_AUTORELEASING = YES;
				CLANG_WARN_BOOL_CONVERSION = YES;
				CLANG_WARN_COMMA = YES;
				CLANG_WARN_CONSTANT_CONVERSION = YES;
				CLANG_WARN_DEPRECATED_OBJC_IMPLEMENTATIONS = YES;
				CLANG_WARN_DIRECT_OBJC_ISA_USAGE = YES_ERROR;
				CLANG_WARN_DOCUMENTATION_COMMENTS = YES;
				CLANG_WARN_EMPTY_BODY = YES;
				CLANG_WARN_ENUM_CONVERSION = YES;
				CLANG_WARN_INFINITE_RECURSION = YES;
				CLANG_WARN_INT_CONVERSION = YES;
				CLANG_WARN_NON_LITERAL_NULL_CONVERSION = YES;
				CLANG_WARN_OBJC_IMPLICIT_RETAIN_SELF = YES;
				CLANG_WARN_OBJC_LITERAL_CONVERSION = YES;
				CLANG_WARN_OBJC_ROOT_CLASS = YES_ERROR;
				CLANG_WARN_QUOTED_INCLUDE_IN_FRAMEWORK_HEADER = YES;
				CLANG_WARN_RANGE_LOOP_ANALYSIS = YES;
				CLANG_WARN_STRICT_PROTOTYPES = YES;
				CLANG_WARN_SUSPICIOUS_MOVE = YES;
				CLANG_WARN_UNGUARDED_AVAILABILITY = YES_AGGRESSIVE;
				CLANG_WARN_UNREACHABLE_CODE = YES;
				CLANG_WARN__DUPLICATE_METHOD_MATCH = YES;
				COPY_PHASE_STRIP = NO;
				DEBUG_INFORMATION_FORMAT = "dwarf-with-dsym";
				ENABLE_NS_ASSERTIONS = NO;
				ENABLE_STRICT_OBJC_MSGSEND = YES;
				GCC_C_LANGUAGE_STANDARD = gnu11;
				GCC_NO_COMMON_BLOCKS = YES;
				GCC_WARN_64_TO_32_BIT_CONVERSION = YES;
				GCC_WARN_ABOUT_RETURN_TYPE = YES_ERROR;
				GCC_WARN_UNDECLARED_SELECTOR = YES;
				GCC_WARN_UNINITIALIZED_AUTOS = YES_AGGRESSIVE;
				GCC_WARN_UNUSED_FUNCTION = YES;
				GCC_WARN_UNUSED_VARIABLE = YES;
				IPHONEOS_DEPLOYMENT_TARGET = 15.0;
				MTL_ENABLE_DEBUG_INFO = NO;
				MTL_FAST_MATH = YES;
				SDKROOT = iphoneos;
				SWIFT_COMPILATION_MODE = wholemodule;
				SWIFT_OPTIMIZATION_LEVEL = "-O";
				VALIDATE_PRODUCT = YES;
			};
			name = Release;
		};
		1A2B3C4D5E6F7G8H9I3F /* Debug */ = {
			isa = XCBuildConfiguration;
			buildSettings = {
				ASSETCATALOG_COMPILER_APPICON_NAME = AppIcon;
				ASSETCATALOG_COMPILER_GLOBAL_ACCENT_COLOR_NAME = AccentColor;
				CODE_SIGN_ENTITLEMENTS = RealTimeAudioLocationApp/Resources/RealTimeAudioLocationApp.entitlements;
				CODE_SIGN_STYLE = Automatic;
				CURRENT_PROJECT_VERSION = 1;
				DEVELOPMENT_TEAM = "";
				GENERATE_INFOPLIST_FILE = YES;
				INFOPLIST_FILE = RealTimeAudioLocationApp/Resources/Info.plist;
				INFOPLIST_KEY_UIApplicationSupportsIndirectInputEvents = YES;
				INFOPLIST_KEY_UILaunchStoryboardName = LaunchScreen;
				INFOPLIST_KEY_UISupportedInterfaceOrientations_iPad = "UIInterfaceOrientationPortrait UIInterfaceOrientationPortraitUpsideDown UIInterfaceOrientationLandscapeLeft UIInterfaceOrientationLandscapeRight";
				INFOPLIST_KEY_UISupportedInterfaceOrientations_iPhone = "UIInterfaceOrientationPortrait UIInterfaceOrientationLandscapeLeft UIInterfaceOrientationLandscapeRight";
				LD_RUNPATH_SEARCH_PATHS = (
					"$(inherited)",
					"@executable_path/Frameworks",
				);
				MARKETING_VERSION = 1.0;
				PRODUCT_BUNDLE_IDENTIFIER = com.example.RealTimeAudioLocationApp;
				PRODUCT_NAME = "$(TARGET_NAME)";
				SWIFT_EMIT_LOC_STRINGS = YES;
				SWIFT_VERSION = 5.0;
				TARGETED_DEVICE_FAMILY = "1,2";
			};
			name = Debug;
		};
		1A2B3C4D5E6F7G8H9I3G /* Release */ = {
			isa = XCBuildConfiguration;
			buildSettings = {
				ASSETCATALOG_COMPILER_APPICON_NAME = AppIcon;
				ASSETCATALOG_COMPILER_GLOBAL_ACCENT_COLOR_NAME = AccentColor;
				CODE_SIGN_ENTITLEMENTS = RealTimeAudioLocationApp/Resources/RealTimeAudioLocationApp.entitlements;
				CODE_SIGN_STYLE = Automatic;
				CURRENT_PROJECT_VERSION = 1;
				DEVELOPMENT_TEAM = "";
				GENERATE_INFOPLIST_FILE = YES;
				INFOPLIST_FILE = RealTimeAudioLocationApp/Resources/Info.plist;
				INFOPLIST_KEY_UIApplicationSupportsIndirectInputEvents = YES;
				INFOPLIST_KEY_UILaunchStoryboardName = LaunchScreen;
				INFOPLIST_KEY_UISupportedInterfaceOrientations_iPad = "UIInterfaceOrientationPortrait UIInterfaceOrientationPortraitUpsideDown UIInterfaceOrientationLandscapeLeft UIInterfaceOrientationLandscapeRight";
				INFOPLIST_KEY_UISupportedInterfaceOrientations_iPhone = "UIInterfaceOrientationPortrait UIInterfaceOrientationLandscapeLeft UIInterfaceOrientationLandscapeRight";
				LD_RUNPATH_SEARCH_PATHS = (
					"$(inherited)",
					"@executable_path/Frameworks",
				);
				MARKETING_VERSION = 1.0;
				PRODUCT_BUNDLE_IDENTIFIER = com.example.RealTimeAudioLocationApp;
				PRODUCT_NAME = "$(TARGET_NAME)";
				SWIFT_EMIT_LOC_STRINGS = YES;
				SWIFT_VERSION = 5.0;
				TARGETED_DEVICE_FAMILY = "1,2";
			};
			name = Release;
		};
		1A2B3C4D5E6F7G8H9I3H /* Debug */ = {
			isa = XCBuildConfiguration;
			buildSettings = {
				BUNDLE_LOADER = "$(TEST_HOST)";
				CODE_SIGN_STYLE = Automatic;
				CURRENT_PROJECT_VERSION = 1;
				DEVELOPMENT_TEAM = "";
				GENERATE_INFOPLIST_FILE = YES;
				MARKETING_VERSION = 1.0;
				PRODUCT_BUNDLE_IDENTIFIER = com.example.RealTimeAudioLocationAppTests;
				PRODUCT_NAME = "$(TARGET_NAME)";
				SWIFT_EMIT_LOC_STRINGS = NO;
				SWIFT_VERSION = 5.0;
				TARGETED_DEVICE_FAMILY = "1,2";
				TEST_HOST = "$(BUILT_PRODUCTS_DIR)/RealTimeAudioLocationApp.app/$(BUNDLE_EXECUTABLE_FOLDER_PATH)/RealTimeAudioLocationApp";
			};
			name = Debug;
		};
		1A2B3C4D5E6F7G8H9I3I /* Release */ = {
			isa = XCBuildConfiguration;
			buildSettings = {
				BUNDLE_LOADER = "$(TEST_HOST)";
				CODE_SIGN_STYLE = Automatic;
				CURRENT_PROJECT_VERSION = 1;
				DEVELOPMENT_TEAM = "";
				GENERATE_INFOPLIST_FILE = YES;
				MARKETING_VERSION = 1.0;
				PRODUCT_BUNDLE_IDENTIFIER = com.example.RealTimeAudioLocationAppTests;
				PRODUCT_NAME = "$(TARGET_NAME)";
				SWIFT_EMIT_LOC_STRINGS = NO;
				SWIFT_VERSION = 5.0;
				TARGETED_DEVICE_FAMILY = "1,2";
				TEST_HOST = "$(BUILT_PRODUCTS_DIR)/RealTimeAudioLocationApp.app/$(BUNDLE_EXECUTABLE_FOLDER_PATH)/RealTimeAudioLocationApp";
			};
			name = Release;
		};
/* End XCBuildConfiguration section */

/* Begin XCConfigurationList section */
		1A2B3C4D5E6F7G8H9I2U /* Build configuration list for PBXNativeTarget "RealTimeAudioLocationApp" */ = {
			isa = XCConfigurationList;
			buildConfigurations = (
				1A2B3C4D5E6F7G8H9I3F /* Debug */,
				1A2B3C4D5E6F7G8H9I3G /* Release */,
			);
			defaultConfigurationIsVisible = 0;
			defaultConfigurationName = Release;
		};
		1A2B3C4D5E6F7G8H9I2Y /* Build configuration list for PBXNativeTarget "RealTimeAudioLocationAppTests" */ = {
			isa = XCConfigurationList;
			buildConfigurations = (
				1A2B3C4D5E6F7G8H9I3H /* Debug */,
				1A2B3C4D5E6F7G8H9I3I /* Release */,
			);
			defaultConfigurationIsVisible = 0;
			defaultConfigurationName = Release;
		};
		1A2B3C4D5E6F7G8H9I3C /* Build configuration list for PBXProject "RealTimeAudioLocationApp" */ = {
			isa = XCConfigurationList;
			buildConfigurations = (
				1A2B3C4D5E6F7G8H9I3D /* Debug */,
				1A2B3C4D5E6F7G8H9I3E /* Release */,
			);
			defaultConfigurationIsVisible = 0;
			defaultConfigurationName = Release;
		};
/* End XCConfigurationList section */
	};
	rootObject = 1A2B3C4D5E6F7G8H9I2A /* Project object */;
}
